// !$*UTF8*$!
{
	archiveVersion = 1;
	classes = {
	};
	objectVersion = 48;
	objects = {

/* Begin PBXBuildFile section */
		10F2ADF6206D16FD00D3D934 /* AppDelegate.swift in Sources */ = {isa = PBXBuildFile; fileRef = 10F2ADF5206D16FD00D3D934 /* AppDelegate.swift */; };
		10F2AE29206D17A300D3D934 /* Assets.xcassets in Resources */ = {isa = PBXBuildFile; fileRef = 10F2AE28206D17A300D3D934 /* Assets.xcassets */; };
		10F2AE2D206D17B100D3D934 /* LaunchScreen.storyboard in Resources */ = {isa = PBXBuildFile; fileRef = 10F2AE2C206D17B100D3D934 /* LaunchScreen.storyboard */; };
		10F2AE2F206D17C500D3D934 /* ItunesAPITests.swift in Sources */ = {isa = PBXBuildFile; fileRef = 10F2AE2E206D17C500D3D934 /* ItunesAPITests.swift */; };
		10F2AE31206D17CC00D3D934 /* Info.plist in Resources */ = {isa = PBXBuildFile; fileRef = 10F2AE30206D17CC00D3D934 /* Info.plist */; };
		10F2AE33206D17D000D3D934 /* SearchAPITests.swift in Sources */ = {isa = PBXBuildFile; fileRef = 10F2AE32206D17D000D3D934 /* SearchAPITests.swift */; };
		10F2AE35206D17D800D3D934 /* ItunesAPIUITests.swift in Sources */ = {isa = PBXBuildFile; fileRef = 10F2AE34206D17D800D3D934 /* ItunesAPIUITests.swift */; };
		10F2AE37206D17DC00D3D934 /* XCUIApplication+Onboarding.swift in Sources */ = {isa = PBXBuildFile; fileRef = 10F2AE36206D17DC00D3D934 /* XCUIApplication+Onboarding.swift */; };
		10F2AE39206D17E200D3D934 /* Info.plist in Resources */ = {isa = PBXBuildFile; fileRef = 10F2AE38206D17E200D3D934 /* Info.plist */; };
		10F2AE3B206D17EE00D3D934 /* AlbumBase.swift in Sources */ = {isa = PBXBuildFile; fileRef = 10F2AE3A206D17EE00D3D934 /* AlbumBase.swift */; };
		10F2AE3D206D17F400D3D934 /* Results.swift in Sources */ = {isa = PBXBuildFile; fileRef = 10F2AE3C206D17F400D3D934 /* Results.swift */; };
		10F2AE3F206D180400D3D934 /* ViewController.swift in Sources */ = {isa = PBXBuildFile; fileRef = 10F2AE3E206D180400D3D934 /* ViewController.swift */; };
		10F2AE43206D181000D3D934 /* UserDefaults+Onboarding.swift in Sources */ = {isa = PBXBuildFile; fileRef = 10F2AE42206D181000D3D934 /* UserDefaults+Onboarding.swift */; };
		10F2AE45206D181700D3D934 /* String.swift in Sources */ = {isa = PBXBuildFile; fileRef = 10F2AE44206D181700D3D934 /* String.swift */; };
		10F2AE47206D181F00D3D934 /* UIImageView.swift in Sources */ = {isa = PBXBuildFile; fileRef = 10F2AE46206D181F00D3D934 /* UIImageView.swift */; };
		10F2AE49206D199800D3D934 /* Main.storyboard in Resources */ = {isa = PBXBuildFile; fileRef = 10F2AE48206D199800D3D934 /* Main.storyboard */; };
		10F2AE4B206D19A200D3D934 /* DetailsViewController.swift in Sources */ = {isa = PBXBuildFile; fileRef = 10F2AE4A206D19A200D3D934 /* DetailsViewController.swift */; };
		14F63FFA511CA6E62937AF1A /* Pods_iTunesAPI.framework in Frameworks */ = {isa = PBXBuildFile; fileRef = F6396591284AA98ADDA3FE9B /* Pods_iTunesAPI.framework */; };
		1C2BC98F7E112FC9E868FC72 /* Pods_iTunesAPITests.framework in Frameworks */ = {isa = PBXBuildFile; fileRef = 8C8804D78728A2F3683E8BE8 /* Pods_iTunesAPITests.framework */; };
		E7935A9AD20F91974EDEA902 /* Pods_iTunesAPIUITests.framework in Frameworks */ = {isa = PBXBuildFile; fileRef = A66C5404A1154AED580980E9 /* Pods_iTunesAPIUITests.framework */; };
/* End PBXBuildFile section */

/* Begin PBXContainerItemProxy section */
		10F2AE07206D16FD00D3D934 /* PBXContainerItemProxy */ = {
			isa = PBXContainerItemProxy;
			containerPortal = 10F2ADEA206D16FD00D3D934 /* Project object */;
			proxyType = 1;
			remoteGlobalIDString = 10F2ADF1206D16FD00D3D934;
			remoteInfo = iTunesAPI;
		};
		10F2AE12206D16FD00D3D934 /* PBXContainerItemProxy */ = {
			isa = PBXContainerItemProxy;
			containerPortal = 10F2ADEA206D16FD00D3D934 /* Project object */;
			proxyType = 1;
			remoteGlobalIDString = 10F2ADF1206D16FD00D3D934;
			remoteInfo = iTunesAPI;
		};
/* End PBXContainerItemProxy section */

/* Begin PBXFileReference section */
		026597C52984329E7B50119E /* Pods-iTunesAPI.release.xcconfig */ = {isa = PBXFileReference; includeInIndex = 1; lastKnownFileType = text.xcconfig; name = "Pods-iTunesAPI.release.xcconfig"; path = "Pods/Target Support Files/Pods-iTunesAPI/Pods-iTunesAPI.release.xcconfig"; sourceTree = "<group>"; };
		10F2ADF2206D16FD00D3D934 /* iTunesAPI.app */ = {isa = PBXFileReference; explicitFileType = wrapper.application; includeInIndex = 0; path = iTunesAPI.app; sourceTree = BUILT_PRODUCTS_DIR; };
		10F2ADF5206D16FD00D3D934 /* AppDelegate.swift */ = {isa = PBXFileReference; lastKnownFileType = sourcecode.swift; path = AppDelegate.swift; sourceTree = "<group>"; };
		10F2AE01206D16FD00D3D934 /* Info.plist */ = {isa = PBXFileReference; lastKnownFileType = text.plist.xml; path = Info.plist; sourceTree = "<group>"; };
		10F2AE06206D16FD00D3D934 /* iTunesAPITests.xctest */ = {isa = PBXFileReference; explicitFileType = wrapper.cfbundle; includeInIndex = 0; path = iTunesAPITests.xctest; sourceTree = BUILT_PRODUCTS_DIR; };
		10F2AE11206D16FD00D3D934 /* iTunesAPIUITests.xctest */ = {isa = PBXFileReference; explicitFileType = wrapper.cfbundle; includeInIndex = 0; path = iTunesAPIUITests.xctest; sourceTree = BUILT_PRODUCTS_DIR; };
		10F2AE28206D17A300D3D934 /* Assets.xcassets */ = {isa = PBXFileReference; lastKnownFileType = folder.assetcatalog; path = Assets.xcassets; sourceTree = "<group>"; };
		10F2AE2C206D17B100D3D934 /* LaunchScreen.storyboard */ = {isa = PBXFileReference; fileEncoding = 4; lastKnownFileType = file.storyboard; path = LaunchScreen.storyboard; sourceTree = "<group>"; };
		10F2AE2E206D17C500D3D934 /* ItunesAPITests.swift */ = {isa = PBXFileReference; fileEncoding = 4; lastKnownFileType = sourcecode.swift; path = ItunesAPITests.swift; sourceTree = "<group>"; };
		10F2AE30206D17CC00D3D934 /* Info.plist */ = {isa = PBXFileReference; fileEncoding = 4; lastKnownFileType = text.plist.xml; path = Info.plist; sourceTree = "<group>"; };
		10F2AE32206D17D000D3D934 /* SearchAPITests.swift */ = {isa = PBXFileReference; fileEncoding = 4; lastKnownFileType = sourcecode.swift; path = SearchAPITests.swift; sourceTree = "<group>"; };
		10F2AE34206D17D800D3D934 /* ItunesAPIUITests.swift */ = {isa = PBXFileReference; fileEncoding = 4; lastKnownFileType = sourcecode.swift; path = ItunesAPIUITests.swift; sourceTree = "<group>"; };
		10F2AE36206D17DC00D3D934 /* XCUIApplication+Onboarding.swift */ = {isa = PBXFileReference; fileEncoding = 4; lastKnownFileType = sourcecode.swift; path = "XCUIApplication+Onboarding.swift"; sourceTree = "<group>"; };
		10F2AE38206D17E200D3D934 /* Info.plist */ = {isa = PBXFileReference; fileEncoding = 4; lastKnownFileType = text.plist.xml; path = Info.plist; sourceTree = "<group>"; };
		10F2AE3A206D17EE00D3D934 /* AlbumBase.swift */ = {isa = PBXFileReference; fileEncoding = 4; lastKnownFileType = sourcecode.swift; path = AlbumBase.swift; sourceTree = "<group>"; };
		10F2AE3C206D17F400D3D934 /* Results.swift */ = {isa = PBXFileReference; fileEncoding = 4; lastKnownFileType = sourcecode.swift; path = Results.swift; sourceTree = "<group>"; };
		10F2AE3E206D180400D3D934 /* ViewController.swift */ = {isa = PBXFileReference; fileEncoding = 4; lastKnownFileType = sourcecode.swift; path = ViewController.swift; sourceTree = "<group>"; };
		10F2AE42206D181000D3D934 /* UserDefaults+Onboarding.swift */ = {isa = PBXFileReference; fileEncoding = 4; lastKnownFileType = sourcecode.swift; path = "UserDefaults+Onboarding.swift"; sourceTree = "<group>"; };
		10F2AE44206D181700D3D934 /* String.swift */ = {isa = PBXFileReference; fileEncoding = 4; lastKnownFileType = sourcecode.swift; path = String.swift; sourceTree = "<group>"; };
		10F2AE46206D181F00D3D934 /* UIImageView.swift */ = {isa = PBXFileReference; fileEncoding = 4; lastKnownFileType = sourcecode.swift; path = UIImageView.swift; sourceTree = "<group>"; };
		10F2AE48206D199800D3D934 /* Main.storyboard */ = {isa = PBXFileReference; fileEncoding = 4; lastKnownFileType = file.storyboard; path = Main.storyboard; sourceTree = "<group>"; };
		10F2AE4A206D19A200D3D934 /* DetailsViewController.swift */ = {isa = PBXFileReference; fileEncoding = 4; lastKnownFileType = sourcecode.swift; path = DetailsViewController.swift; sourceTree = "<group>"; };
		4565D593499EC61EEFE806AD /* Pods-iTunesAPI.debug.xcconfig */ = {isa = PBXFileReference; includeInIndex = 1; lastKnownFileType = text.xcconfig; name = "Pods-iTunesAPI.debug.xcconfig"; path = "Pods/Target Support Files/Pods-iTunesAPI/Pods-iTunesAPI.debug.xcconfig"; sourceTree = "<group>"; };
		5695CBD7536AF247B0855EA7 /* Pods-iTunesAPIUITests.debug.xcconfig */ = {isa = PBXFileReference; includeInIndex = 1; lastKnownFileType = text.xcconfig; name = "Pods-iTunesAPIUITests.debug.xcconfig"; path = "Pods/Target Support Files/Pods-iTunesAPIUITests/Pods-iTunesAPIUITests.debug.xcconfig"; sourceTree = "<group>"; };
		8C8804D78728A2F3683E8BE8 /* Pods_iTunesAPITests.framework */ = {isa = PBXFileReference; explicitFileType = wrapper.framework; includeInIndex = 0; path = Pods_iTunesAPITests.framework; sourceTree = BUILT_PRODUCTS_DIR; };
		8F2D716AC323B1BF7CCE4094 /* Pods-iTunesAPITests.release.xcconfig */ = {isa = PBXFileReference; includeInIndex = 1; lastKnownFileType = text.xcconfig; name = "Pods-iTunesAPITests.release.xcconfig"; path = "Pods/Target Support Files/Pods-iTunesAPITests/Pods-iTunesAPITests.release.xcconfig"; sourceTree = "<group>"; };
		9D12330BBE0F81A645391721 /* Pods-iTunesAPIUITests.release.xcconfig */ = {isa = PBXFileReference; includeInIndex = 1; lastKnownFileType = text.xcconfig; name = "Pods-iTunesAPIUITests.release.xcconfig"; path = "Pods/Target Support Files/Pods-iTunesAPIUITests/Pods-iTunesAPIUITests.release.xcconfig"; sourceTree = "<group>"; };
		A4C7BEF82568EC0B107223D5 /* Pods-iTunesAPITests.debug.xcconfig */ = {isa = PBXFileReference; includeInIndex = 1; lastKnownFileType = text.xcconfig; name = "Pods-iTunesAPITests.debug.xcconfig"; path = "Pods/Target Support Files/Pods-iTunesAPITests/Pods-iTunesAPITests.debug.xcconfig"; sourceTree = "<group>"; };
		A66C5404A1154AED580980E9 /* Pods_iTunesAPIUITests.framework */ = {isa = PBXFileReference; explicitFileType = wrapper.framework; includeInIndex = 0; path = Pods_iTunesAPIUITests.framework; sourceTree = BUILT_PRODUCTS_DIR; };
		F6396591284AA98ADDA3FE9B /* Pods_iTunesAPI.framework */ = {isa = PBXFileReference; explicitFileType = wrapper.framework; includeInIndex = 0; path = Pods_iTunesAPI.framework; sourceTree = BUILT_PRODUCTS_DIR; };
/* End PBXFileReference section */

/* Begin PBXFrameworksBuildPhase section */
		10F2ADEF206D16FD00D3D934 /* Frameworks */ = {
			isa = PBXFrameworksBuildPhase;
			buildActionMask = 2147483647;
			files = (
				14F63FFA511CA6E62937AF1A /* Pods_iTunesAPI.framework in Frameworks */,
			);
			runOnlyForDeploymentPostprocessing = 0;
		};
		10F2AE03206D16FD00D3D934 /* Frameworks */ = {
			isa = PBXFrameworksBuildPhase;
			buildActionMask = 2147483647;
			files = (
				1C2BC98F7E112FC9E868FC72 /* Pods_iTunesAPITests.framework in Frameworks */,
			);
			runOnlyForDeploymentPostprocessing = 0;
		};
		10F2AE0E206D16FD00D3D934 /* Frameworks */ = {
			isa = PBXFrameworksBuildPhase;
			buildActionMask = 2147483647;
			files = (
				E7935A9AD20F91974EDEA902 /* Pods_iTunesAPIUITests.framework in Frameworks */,
			);
			runOnlyForDeploymentPostprocessing = 0;
		};
/* End PBXFrameworksBuildPhase section */

/* Begin PBXGroup section */
		0BD9A48AC42781BE02D541D8 /* Frameworks */ = {
			isa = PBXGroup;
			children = (
				F6396591284AA98ADDA3FE9B /* Pods_iTunesAPI.framework */,
				8C8804D78728A2F3683E8BE8 /* Pods_iTunesAPITests.framework */,
				A66C5404A1154AED580980E9 /* Pods_iTunesAPIUITests.framework */,
			);
			name = Frameworks;
			sourceTree = "<group>";
		};
		10F2ADE9206D16FD00D3D934 = {
			isa = PBXGroup;
			children = (
				10F2ADF4206D16FD00D3D934 /* iTunesAPI */,
				10F2AE09206D16FD00D3D934 /* iTunesAPITests */,
				10F2AE14206D16FD00D3D934 /* iTunesAPIUITests */,
				10F2ADF3206D16FD00D3D934 /* Products */,
				D5EDE0B860906457E920B34E /* Pods */,
				0BD9A48AC42781BE02D541D8 /* Frameworks */,
			);
			sourceTree = "<group>";
		};
		10F2ADF3206D16FD00D3D934 /* Products */ = {
			isa = PBXGroup;
			children = (
				10F2ADF2206D16FD00D3D934 /* iTunesAPI.app */,
				10F2AE06206D16FD00D3D934 /* iTunesAPITests.xctest */,
				10F2AE11206D16FD00D3D934 /* iTunesAPIUITests.xctest */,
			);
			name = Products;
			sourceTree = "<group>";
		};
		10F2ADF4206D16FD00D3D934 /* iTunesAPI */ = {
			isa = PBXGroup;
			children = (
				10F2ADF5206D16FD00D3D934 /* AppDelegate.swift */,
				10F2AE01206D16FD00D3D934 /* Info.plist */,
				10F2AE26206D175800D3D934 /* Models */,
				10F2AE25206D174700D3D934 /* Views */,
				10F2AE27206D176300D3D934 /* Controllers */,
				10F2AE24206D173E00D3D934 /* Extensions */,
				10F2AE23206D172F00D3D934 /* Resources */,
			);
			path = iTunesAPI;
			sourceTree = "<group>";
		};
		10F2AE09206D16FD00D3D934 /* iTunesAPITests */ = {
			isa = PBXGroup;
			children = (
				10F2AE2E206D17C500D3D934 /* ItunesAPITests.swift */,
				10F2AE30206D17CC00D3D934 /* Info.plist */,
				10F2AE32206D17D000D3D934 /* SearchAPITests.swift */,
			);
			path = iTunesAPITests;
			sourceTree = "<group>";
		};
		10F2AE14206D16FD00D3D934 /* iTunesAPIUITests */ = {
			isa = PBXGroup;
			children = (
				10F2AE34206D17D800D3D934 /* ItunesAPIUITests.swift */,
				10F2AE36206D17DC00D3D934 /* XCUIApplication+Onboarding.swift */,
				10F2AE38206D17E200D3D934 /* Info.plist */,
			);
			path = iTunesAPIUITests;
			sourceTree = "<group>";
		};
		10F2AE23206D172F00D3D934 /* Resources */ = {
			isa = PBXGroup;
			children = (
				10F2AE28206D17A300D3D934 /* Assets.xcassets */,
			);
			path = Resources;
			sourceTree = "<group>";
		};
		10F2AE24206D173E00D3D934 /* Extensions */ = {
			isa = PBXGroup;
			children = (
				10F2AE42206D181000D3D934 /* UserDefaults+Onboarding.swift */,
				10F2AE44206D181700D3D934 /* String.swift */,
				10F2AE46206D181F00D3D934 /* UIImageView.swift */,
			);
			path = Extensions;
			sourceTree = "<group>";
		};
		10F2AE25206D174700D3D934 /* Views */ = {
			isa = PBXGroup;
			children = (
				10F2AE48206D199800D3D934 /* Main.storyboard */,
				10F2AE2C206D17B100D3D934 /* LaunchScreen.storyboard */,
			);
			path = Views;
			sourceTree = "<group>";
		};
		10F2AE26206D175800D3D934 /* Models */ = {
			isa = PBXGroup;
			children = (
				10F2AE3A206D17EE00D3D934 /* AlbumBase.swift */,
				10F2AE3C206D17F400D3D934 /* Results.swift */,
			);
			path = Models;
			sourceTree = "<group>";
		};
		10F2AE27206D176300D3D934 /* Controllers */ = {
			isa = PBXGroup;
			children = (
				10F2AE3E206D180400D3D934 /* ViewController.swift */,
				10F2AE4A206D19A200D3D934 /* DetailsViewController.swift */,
			);
			path = Controllers;
			sourceTree = "<group>";
		};
		D5EDE0B860906457E920B34E /* Pods */ = {
			isa = PBXGroup;
			children = (
				4565D593499EC61EEFE806AD /* Pods-iTunesAPI.debug.xcconfig */,
				026597C52984329E7B50119E /* Pods-iTunesAPI.release.xcconfig */,
				A4C7BEF82568EC0B107223D5 /* Pods-iTunesAPITests.debug.xcconfig */,
				8F2D716AC323B1BF7CCE4094 /* Pods-iTunesAPITests.release.xcconfig */,
				5695CBD7536AF247B0855EA7 /* Pods-iTunesAPIUITests.debug.xcconfig */,
				9D12330BBE0F81A645391721 /* Pods-iTunesAPIUITests.release.xcconfig */,
			);
			name = Pods;
			sourceTree = "<group>";
		};
/* End PBXGroup section */

/* Begin PBXNativeTarget section */
		10F2ADF1206D16FD00D3D934 /* iTunesAPI */ = {
			isa = PBXNativeTarget;
			buildConfigurationList = 10F2AE1A206D16FD00D3D934 /* Build configuration list for PBXNativeTarget "iTunesAPI" */;
			buildPhases = (
				22D81E3C0E549200DF9741BB /* [CP] Check Pods Manifest.lock */,
				10F2ADEE206D16FD00D3D934 /* Sources */,
				10F2ADEF206D16FD00D3D934 /* Frameworks */,
				10F2ADF0206D16FD00D3D934 /* Resources */,
				78428ABB178ED7298B579C9A /* [CP] Embed Pods Frameworks */,
				B0BB96CCB67C70CDA8B62815 /* [CP] Copy Pods Resources */,
			);
			buildRules = (
			);
			dependencies = (
			);
			name = iTunesAPI;
			productName = iTunesAPI;
			productReference = 10F2ADF2206D16FD00D3D934 /* iTunesAPI.app */;
			productType = "com.apple.product-type.application";
		};
		10F2AE05206D16FD00D3D934 /* iTunesAPITests */ = {
			isa = PBXNativeTarget;
			buildConfigurationList = 10F2AE1D206D16FD00D3D934 /* Build configuration list for PBXNativeTarget "iTunesAPITests" */;
			buildPhases = (
				EEAB4FF7A470D05E628D8747 /* [CP] Check Pods Manifest.lock */,
				10F2AE02206D16FD00D3D934 /* Sources */,
				10F2AE03206D16FD00D3D934 /* Frameworks */,
				10F2AE04206D16FD00D3D934 /* Resources */,
				822492ECCF9AF1542031DD94 /* [CP] Embed Pods Frameworks */,
				95F7EB471A611A647B41E977 /* [CP] Copy Pods Resources */,
			);
			buildRules = (
			);
			dependencies = (
				10F2AE08206D16FD00D3D934 /* PBXTargetDependency */,
			);
			name = iTunesAPITests;
			productName = iTunesAPITests;
			productReference = 10F2AE06206D16FD00D3D934 /* iTunesAPITests.xctest */;
			productType = "com.apple.product-type.bundle.unit-test";
		};
		10F2AE10206D16FD00D3D934 /* iTunesAPIUITests */ = {
			isa = PBXNativeTarget;
			buildConfigurationList = 10F2AE20206D16FD00D3D934 /* Build configuration list for PBXNativeTarget "iTunesAPIUITests" */;
			buildPhases = (
				8D460D19F3E9E4C72819F88A /* [CP] Check Pods Manifest.lock */,
				10F2AE0D206D16FD00D3D934 /* Sources */,
				10F2AE0E206D16FD00D3D934 /* Frameworks */,
				10F2AE0F206D16FD00D3D934 /* Resources */,
				23126D7260FE57E7CB17548D /* [CP] Embed Pods Frameworks */,
				F1021494EFE9C6770EAA0340 /* [CP] Copy Pods Resources */,
			);
			buildRules = (
			);
			dependencies = (
				10F2AE13206D16FD00D3D934 /* PBXTargetDependency */,
			);
			name = iTunesAPIUITests;
			productName = iTunesAPIUITests;
			productReference = 10F2AE11206D16FD00D3D934 /* iTunesAPIUITests.xctest */;
			productType = "com.apple.product-type.bundle.ui-testing";
		};
/* End PBXNativeTarget section */

/* Begin PBXProject section */
		10F2ADEA206D16FD00D3D934 /* Project object */ = {
			isa = PBXProject;
			attributes = {
				LastSwiftUpdateCheck = 0920;
				LastUpgradeCheck = 0920;
				ORGANIZATIONNAME = Gom3a;
				TargetAttributes = {
					10F2ADF1206D16FD00D3D934 = {
						CreatedOnToolsVersion = 9.2;
						ProvisioningStyle = Automatic;
					};
					10F2AE05206D16FD00D3D934 = {
						CreatedOnToolsVersion = 9.2;
						LastSwiftMigration = 0920;
						ProvisioningStyle = Automatic;
						TestTargetID = 10F2ADF1206D16FD00D3D934;
					};
					10F2AE10206D16FD00D3D934 = {
						CreatedOnToolsVersion = 9.2;
						LastSwiftMigration = 0920;
						ProvisioningStyle = Automatic;
						TestTargetID = 10F2ADF1206D16FD00D3D934;
					};
				};
			};
			buildConfigurationList = 10F2ADED206D16FD00D3D934 /* Build configuration list for PBXProject "iTunesAPI" */;
			compatibilityVersion = "Xcode 8.0";
			developmentRegion = en;
			hasScannedForEncodings = 0;
			knownRegions = (
				en,
				Base,
			);
			mainGroup = 10F2ADE9206D16FD00D3D934;
			productRefGroup = 10F2ADF3206D16FD00D3D934 /* Products */;
			projectDirPath = "";
			projectRoot = "";
			targets = (
				10F2ADF1206D16FD00D3D934 /* iTunesAPI */,
				10F2AE05206D16FD00D3D934 /* iTunesAPITests */,
				10F2AE10206D16FD00D3D934 /* iTunesAPIUITests */,
			);
		};
/* End PBXProject section */

/* Begin PBXResourcesBuildPhase section */
		10F2ADF0206D16FD00D3D934 /* Resources */ = {
			isa = PBXResourcesBuildPhase;
			buildActionMask = 2147483647;
			files = (
				10F2AE49206D199800D3D934 /* Main.storyboard in Resources */,
				10F2AE2D206D17B100D3D934 /* LaunchScreen.storyboard in Resources */,
				10F2AE29206D17A300D3D934 /* Assets.xcassets in Resources */,
			);
			runOnlyForDeploymentPostprocessing = 0;
		};
		10F2AE04206D16FD00D3D934 /* Resources */ = {
			isa = PBXResourcesBuildPhase;
			buildActionMask = 2147483647;
			files = (
				10F2AE31206D17CC00D3D934 /* Info.plist in Resources */,
			);
			runOnlyForDeploymentPostprocessing = 0;
		};
		10F2AE0F206D16FD00D3D934 /* Resources */ = {
			isa = PBXResourcesBuildPhase;
			buildActionMask = 2147483647;
			files = (
				10F2AE39206D17E200D3D934 /* Info.plist in Resources */,
			);
			runOnlyForDeploymentPostprocessing = 0;
		};
/* End PBXResourcesBuildPhase section */

/* Begin PBXShellScriptBuildPhase section */
		22D81E3C0E549200DF9741BB /* [CP] Check Pods Manifest.lock */ = {
			isa = PBXShellScriptBuildPhase;
			buildActionMask = 2147483647;
			files = (
			);
			inputPaths = (
				"${PODS_PODFILE_DIR_PATH}/Podfile.lock",
				"${PODS_ROOT}/Manifest.lock",
			);
			name = "[CP] Check Pods Manifest.lock";
			outputPaths = (
				"$(DERIVED_FILE_DIR)/Pods-iTunesAPI-checkManifestLockResult.txt",
			);
			runOnlyForDeploymentPostprocessing = 0;
			shellPath = /bin/sh;
			shellScript = "diff \"${PODS_PODFILE_DIR_PATH}/Podfile.lock\" \"${PODS_ROOT}/Manifest.lock\" > /dev/null\nif [ $? != 0 ] ; then\n    # print error to STDERR\n    echo \"error: The sandbox is not in sync with the Podfile.lock. Run 'pod install' or update your CocoaPods installation.\" >&2\n    exit 1\nfi\n# This output is used by Xcode 'outputs' to avoid re-running this script phase.\necho \"SUCCESS\" > \"${SCRIPT_OUTPUT_FILE_0}\"\n";
			showEnvVarsInLog = 0;
		};
		23126D7260FE57E7CB17548D /* [CP] Embed Pods Frameworks */ = {
			isa = PBXShellScriptBuildPhase;
			buildActionMask = 2147483647;
			files = (
			);
			inputPaths = (
			);
			name = "[CP] Embed Pods Frameworks";
			outputPaths = (
			);
			runOnlyForDeploymentPostprocessing = 0;
			shellPath = /bin/sh;
			shellScript = "\"${SRCROOT}/Pods/Target Support Files/Pods-iTunesAPIUITests/Pods-iTunesAPIUITests-frameworks.sh\"\n";
			showEnvVarsInLog = 0;
		};
		78428ABB178ED7298B579C9A /* [CP] Embed Pods Frameworks */ = {
			isa = PBXShellScriptBuildPhase;
			buildActionMask = 2147483647;
			files = (
			);
			inputPaths = (
				"${SRCROOT}/Pods/Target Support Files/Pods-iTunesAPI/Pods-iTunesAPI-frameworks.sh",
				"${BUILT_PRODUCTS_DIR}/Kingfisher/Kingfisher.framework",
				"${BUILT_PRODUCTS_DIR}/iTunesSearchAPI/iTunesSearchAPI.framework",
			);
			name = "[CP] Embed Pods Frameworks";
			outputPaths = (
				"${TARGET_BUILD_DIR}/${FRAMEWORKS_FOLDER_PATH}/Kingfisher.framework",
				"${TARGET_BUILD_DIR}/${FRAMEWORKS_FOLDER_PATH}/iTunesSearchAPI.framework",
			);
			runOnlyForDeploymentPostprocessing = 0;
			shellPath = /bin/sh;
			shellScript = "\"${SRCROOT}/Pods/Target Support Files/Pods-iTunesAPI/Pods-iTunesAPI-frameworks.sh\"\n";
			showEnvVarsInLog = 0;
		};
		822492ECCF9AF1542031DD94 /* [CP] Embed Pods Frameworks */ = {
			isa = PBXShellScriptBuildPhase;
			buildActionMask = 2147483647;
			files = (
			);
			inputPaths = (
			);
			name = "[CP] Embed Pods Frameworks";
			outputPaths = (
			);
			runOnlyForDeploymentPostprocessing = 0;
			shellPath = /bin/sh;
			shellScript = "\"${SRCROOT}/Pods/Target Support Files/Pods-iTunesAPITests/Pods-iTunesAPITests-frameworks.sh\"\n";
			showEnvVarsInLog = 0;
		};
		8D460D19F3E9E4C72819F88A /* [CP] Check Pods Manifest.lock */ = {
			isa = PBXShellScriptBuildPhase;
			buildActionMask = 2147483647;
			files = (
			);
			inputPaths = (
				"${PODS_PODFILE_DIR_PATH}/Podfile.lock",
				"${PODS_ROOT}/Manifest.lock",
			);
			name = "[CP] Check Pods Manifest.lock";
			outputPaths = (
				"$(DERIVED_FILE_DIR)/Pods-iTunesAPIUITests-checkManifestLockResult.txt",
			);
			runOnlyForDeploymentPostprocessing = 0;
			shellPath = /bin/sh;
			shellScript = "diff \"${PODS_PODFILE_DIR_PATH}/Podfile.lock\" \"${PODS_ROOT}/Manifest.lock\" > /dev/null\nif [ $? != 0 ] ; then\n    # print error to STDERR\n    echo \"error: The sandbox is not in sync with the Podfile.lock. Run 'pod install' or update your CocoaPods installation.\" >&2\n    exit 1\nfi\n# This output is used by Xcode 'outputs' to avoid re-running this script phase.\necho \"SUCCESS\" > \"${SCRIPT_OUTPUT_FILE_0}\"\n";
			showEnvVarsInLog = 0;
		};
		95F7EB471A611A647B41E977 /* [CP] Copy Pods Resources */ = {
			isa = PBXShellScriptBuildPhase;
			buildActionMask = 2147483647;
			files = (
			);
			inputPaths = (
			);
			name = "[CP] Copy Pods Resources";
			outputPaths = (
			);
			runOnlyForDeploymentPostprocessing = 0;
			shellPath = /bin/sh;
			shellScript = "\"${SRCROOT}/Pods/Target Support Files/Pods-iTunesAPITests/Pods-iTunesAPITests-resources.sh\"\n";
			showEnvVarsInLog = 0;
		};
		B0BB96CCB67C70CDA8B62815 /* [CP] Copy Pods Resources */ = {
			isa = PBXShellScriptBuildPhase;
			buildActionMask = 2147483647;
			files = (
			);
			inputPaths = (
			);
			name = "[CP] Copy Pods Resources";
			outputPaths = (
			);
			runOnlyForDeploymentPostprocessing = 0;
			shellPath = /bin/sh;
			shellScript = "\"${SRCROOT}/Pods/Target Support Files/Pods-iTunesAPI/Pods-iTunesAPI-resources.sh\"\n";
			showEnvVarsInLog = 0;
		};
		EEAB4FF7A470D05E628D8747 /* [CP] Check Pods Manifest.lock */ = {
			isa = PBXShellScriptBuildPhase;
			buildActionMask = 2147483647;
			files = (
			);
			inputPaths = (
				"${PODS_PODFILE_DIR_PATH}/Podfile.lock",
				"${PODS_ROOT}/Manifest.lock",
			);
			name = "[CP] Check Pods Manifest.lock";
			outputPaths = (
				"$(DERIVED_FILE_DIR)/Pods-iTunesAPITests-checkManifestLockResult.txt",
			);
			runOnlyForDeploymentPostprocessing = 0;
			shellPath = /bin/sh;
			shellScript = "diff \"${PODS_PODFILE_DIR_PATH}/Podfile.lock\" \"${PODS_ROOT}/Manifest.lock\" > /dev/null\nif [ $? != 0 ] ; then\n    # print error to STDERR\n    echo \"error: The sandbox is not in sync with the Podfile.lock. Run 'pod install' or update your CocoaPods installation.\" >&2\n    exit 1\nfi\n# This output is used by Xcode 'outputs' to avoid re-running this script phase.\necho \"SUCCESS\" > \"${SCRIPT_OUTPUT_FILE_0}\"\n";
			showEnvVarsInLog = 0;
		};
		F1021494EFE9C6770EAA0340 /* [CP] Copy Pods Resources */ = {
			isa = PBXShellScriptBuildPhase;
			buildActionMask = 2147483647;
			files = (
			);
			inputPaths = (
			);
			name = "[CP] Copy Pods Resources";
			outputPaths = (
			);
			runOnlyForDeploymentPostprocessing = 0;
			shellPath = /bin/sh;
			shellScript = "\"${SRCROOT}/Pods/Target Support Files/Pods-iTunesAPIUITests/Pods-iTunesAPIUITests-resources.sh\"\n";
			showEnvVarsInLog = 0;
		};
/* End PBXShellScriptBuildPhase section */

/* Begin PBXSourcesBuildPhase section */
		10F2ADEE206D16FD00D3D934 /* Sources */ = {
			isa = PBXSourcesBuildPhase;
			buildActionMask = 2147483647;
			files = (
				10F2AE47206D181F00D3D934 /* UIImageView.swift in Sources */,
				10F2AE3D206D17F400D3D934 /* Results.swift in Sources */,
				10F2AE3B206D17EE00D3D934 /* AlbumBase.swift in Sources */,
				10F2AE4B206D19A200D3D934 /* DetailsViewController.swift in Sources */,
				10F2AE3F206D180400D3D934 /* ViewController.swift in Sources */,
				10F2ADF6206D16FD00D3D934 /* AppDelegate.swift in Sources */,
				10F2AE45206D181700D3D934 /* String.swift in Sources */,
				10F2AE43206D181000D3D934 /* UserDefaults+Onboarding.swift in Sources */,
			);
			runOnlyForDeploymentPostprocessing = 0;
		};
		10F2AE02206D16FD00D3D934 /* Sources */ = {
			isa = PBXSourcesBuildPhase;
			buildActionMask = 2147483647;
			files = (
				10F2AE33206D17D000D3D934 /* SearchAPITests.swift in Sources */,
				10F2AE2F206D17C500D3D934 /* ItunesAPITests.swift in Sources */,
			);
			runOnlyForDeploymentPostprocessing = 0;
		};
		10F2AE0D206D16FD00D3D934 /* Sources */ = {
			isa = PBXSourcesBuildPhase;
			buildActionMask = 2147483647;
			files = (
				10F2AE37206D17DC00D3D934 /* XCUIApplication+Onboarding.swift in Sources */,
				10F2AE35206D17D800D3D934 /* ItunesAPIUITests.swift in Sources */,
			);
			runOnlyForDeploymentPostprocessing = 0;
		};
/* End PBXSourcesBuildPhase section */

/* Begin PBXTargetDependency section */
		10F2AE08206D16FD00D3D934 /* PBXTargetDependency */ = {
			isa = PBXTargetDependency;
			target = 10F2ADF1206D16FD00D3D934 /* iTunesAPI */;
			targetProxy = 10F2AE07206D16FD00D3D934 /* PBXContainerItemProxy */;
		};
		10F2AE13206D16FD00D3D934 /* PBXTargetDependency */ = {
			isa = PBXTargetDependency;
			target = 10F2ADF1206D16FD00D3D934 /* iTunesAPI */;
			targetProxy = 10F2AE12206D16FD00D3D934 /* PBXContainerItemProxy */;
		};
/* End PBXTargetDependency section */

/* Begin XCBuildConfiguration section */
		10F2AE18206D16FD00D3D934 /* Debug */ = {
			isa = XCBuildConfiguration;
			buildSettings = {
				ALWAYS_SEARCH_USER_PATHS = NO;
				CLANG_ANALYZER_NONNULL = YES;
				CLANG_ANALYZER_NUMBER_OBJECT_CONVERSION = YES_AGGRESSIVE;
				CLANG_CXX_LANGUAGE_STANDARD = "gnu++14";
				CLANG_CXX_LIBRARY = "libc++";
				CLANG_ENABLE_MODULES = YES;
				CLANG_ENABLE_OBJC_ARC = YES;
				CLANG_WARN_BLOCK_CAPTURE_AUTORELEASING = YES;
				CLANG_WARN_BOOL_CONVERSION = YES;
				CLANG_WARN_COMMA = YES;
				CLANG_WARN_CONSTANT_CONVERSION = YES;
				CLANG_WARN_DIRECT_OBJC_ISA_USAGE = YES_ERROR;
				CLANG_WARN_DOCUMENTATION_COMMENTS = YES;
				CLANG_WARN_EMPTY_BODY = YES;
				CLANG_WARN_ENUM_CONVERSION = YES;
				CLANG_WARN_INFINITE_RECURSION = YES;
				CLANG_WARN_INT_CONVERSION = YES;
				CLANG_WARN_NON_LITERAL_NULL_CONVERSION = YES;
				CLANG_WARN_OBJC_LITERAL_CONVERSION = YES;
				CLANG_WARN_OBJC_ROOT_CLASS = YES_ERROR;
				CLANG_WARN_RANGE_LOOP_ANALYSIS = YES;
				CLANG_WARN_STRICT_PROTOTYPES = YES;
				CLANG_WARN_SUSPICIOUS_MOVE = YES;
				CLANG_WARN_UNGUARDED_AVAILABILITY = YES_AGGRESSIVE;
				CLANG_WARN_UNREACHABLE_CODE = YES;
				CLANG_WARN__DUPLICATE_METHOD_MATCH = YES;
				CODE_SIGN_IDENTITY = "iPhone Developer";
				COPY_PHASE_STRIP = NO;
				DEBUG_INFORMATION_FORMAT = dwarf;
				ENABLE_STRICT_OBJC_MSGSEND = YES;
				ENABLE_TESTABILITY = YES;
				GCC_C_LANGUAGE_STANDARD = gnu11;
				GCC_DYNAMIC_NO_PIC = NO;
				GCC_NO_COMMON_BLOCKS = YES;
				GCC_OPTIMIZATION_LEVEL = 0;
				GCC_PREPROCESSOR_DEFINITIONS = (
					"DEBUG=1",
					"$(inherited)",
				);
				GCC_WARN_64_TO_32_BIT_CONVERSION = YES;
				GCC_WARN_ABOUT_RETURN_TYPE = YES_ERROR;
				GCC_WARN_UNDECLARED_SELECTOR = YES;
				GCC_WARN_UNINITIALIZED_AUTOS = YES_AGGRESSIVE;
				GCC_WARN_UNUSED_FUNCTION = YES;
				GCC_WARN_UNUSED_VARIABLE = YES;
				IPHONEOS_DEPLOYMENT_TARGET = 11.2;
				MTL_ENABLE_DEBUG_INFO = YES;
				ONLY_ACTIVE_ARCH = YES;
				SDKROOT = iphoneos;
				SWIFT_ACTIVE_COMPILATION_CONDITIONS = DEBUG;
				SWIFT_OPTIMIZATION_LEVEL = "-Onone";
			};
			name = Debug;
		};
		10F2AE19206D16FD00D3D934 /* Release */ = {
			isa = XCBuildConfiguration;
			buildSettings = {
				ALWAYS_SEARCH_USER_PATHS = NO;
				CLANG_ANALYZER_NONNULL = YES;
				CLANG_ANALYZER_NUMBER_OBJECT_CONVERSION = YES_AGGRESSIVE;
				CLANG_CXX_LANGUAGE_STANDARD = "gnu++14";
				CLANG_CXX_LIBRARY = "libc++";
				CLANG_ENABLE_MODULES = YES;
				CLANG_ENABLE_OBJC_ARC = YES;
				CLANG_WARN_BLOCK_CAPTURE_AUTORELEASING = YES;
				CLANG_WARN_BOOL_CONVERSION = YES;
				CLANG_WARN_COMMA = YES;
				CLANG_WARN_CONSTANT_CONVERSION = YES;
				CLANG_WARN_DIRECT_OBJC_ISA_USAGE = YES_ERROR;
				CLANG_WARN_DOCUMENTATION_COMMENTS = YES;
				CLANG_WARN_EMPTY_BODY = YES;
				CLANG_WARN_ENUM_CONVERSION = YES;
				CLANG_WARN_INFINITE_RECURSION = YES;
				CLANG_WARN_INT_CONVERSION = YES;
				CLANG_WARN_NON_LITERAL_NULL_CONVERSION = YES;
				CLANG_WARN_OBJC_LITERAL_CONVERSION = YES;
				CLANG_WARN_OBJC_ROOT_CLASS = YES_ERROR;
				CLANG_WARN_RANGE_LOOP_ANALYSIS = YES;
				CLANG_WARN_STRICT_PROTOTYPES = YES;
				CLANG_WARN_SUSPICIOUS_MOVE = YES;
				CLANG_WARN_UNGUARDED_AVAILABILITY = YES_AGGRESSIVE;
				CLANG_WARN_UNREACHABLE_CODE = YES;
				CLANG_WARN__DUPLICATE_METHOD_MATCH = YES;
				CODE_SIGN_IDENTITY = "iPhone Developer";
				COPY_PHASE_STRIP = NO;
				DEBUG_INFORMATION_FORMAT = "dwarf-with-dsym";
				ENABLE_NS_ASSERTIONS = NO;
				ENABLE_STRICT_OBJC_MSGSEND = YES;
				GCC_C_LANGUAGE_STANDARD = gnu11;
				GCC_NO_COMMON_BLOCKS = YES;
				GCC_WARN_64_TO_32_BIT_CONVERSION = YES;
				GCC_WARN_ABOUT_RETURN_TYPE = YES_ERROR;
				GCC_WARN_UNDECLARED_SELECTOR = YES;
				GCC_WARN_UNINITIALIZED_AUTOS = YES_AGGRESSIVE;
				GCC_WARN_UNUSED_FUNCTION = YES;
				GCC_WARN_UNUSED_VARIABLE = YES;
				IPHONEOS_DEPLOYMENT_TARGET = 11.2;
				MTL_ENABLE_DEBUG_INFO = NO;
				SDKROOT = iphoneos;
				SWIFT_OPTIMIZATION_LEVEL = "-Owholemodule";
				VALIDATE_PRODUCT = YES;
			};
			name = Release;
		};
		10F2AE1B206D16FD00D3D934 /* Debug */ = {
			isa = XCBuildConfiguration;
			baseConfigurationReference = 4565D593499EC61EEFE806AD /* Pods-iTunesAPI.debug.xcconfig */;
			buildSettings = {
				ASSETCATALOG_COMPILER_APPICON_NAME = AppIcon;
				CODE_SIGN_STYLE = Automatic;
				DEVELOPMENT_TEAM = XW8393LDR7;
				INFOPLIST_FILE = iTunesAPI/Info.plist;
				LD_RUNPATH_SEARCH_PATHS = "$(inherited) @executable_path/Frameworks";
				PRODUCT_BUNDLE_IDENTIFIER = eg.gom3a.iTunesAPI;
				PRODUCT_NAME = "$(TARGET_NAME)";
				SWIFT_VERSION = 4.0;
				TARGETED_DEVICE_FAMILY = "1,2";
			};
			name = Debug;
		};
		10F2AE1C206D16FD00D3D934 /* Release */ = {
			isa = XCBuildConfiguration;
			baseConfigurationReference = 026597C52984329E7B50119E /* Pods-iTunesAPI.release.xcconfig */;
			buildSettings = {
				ASSETCATALOG_COMPILER_APPICON_NAME = AppIcon;
				CODE_SIGN_STYLE = Automatic;
				DEVELOPMENT_TEAM = XW8393LDR7;
				INFOPLIST_FILE = iTunesAPI/Info.plist;
				LD_RUNPATH_SEARCH_PATHS = "$(inherited) @executable_path/Frameworks";
				PRODUCT_BUNDLE_IDENTIFIER = eg.gom3a.iTunesAPI;
				PRODUCT_NAME = "$(TARGET_NAME)";
				SWIFT_VERSION = 4.0;
				TARGETED_DEVICE_FAMILY = "1,2";
			};
			name = Release;
		};
		10F2AE1E206D16FD00D3D934 /* Debug */ = {
			isa = XCBuildConfiguration;
			baseConfigurationReference = A4C7BEF82568EC0B107223D5 /* Pods-iTunesAPITests.debug.xcconfig */;
			buildSettings = {
				ALWAYS_EMBED_SWIFT_STANDARD_LIBRARIES = YES;
				BUNDLE_LOADER = "$(TEST_HOST)";
				CLANG_ENABLE_MODULES = YES;
				CODE_SIGN_STYLE = Automatic;
				DEVELOPMENT_TEAM = XW8393LDR7;
				INFOPLIST_FILE = iTunesAPITests/Info.plist;
				LD_RUNPATH_SEARCH_PATHS = "$(inherited) @executable_path/Frameworks @loader_path/Frameworks";
				PRODUCT_BUNDLE_IDENTIFIER = eg.gom3a.iTunesAPITests;
				PRODUCT_NAME = "$(TARGET_NAME)";
				SWIFT_OPTIMIZATION_LEVEL = "-Onone";
				SWIFT_VERSION = 4.0;
				TARGETED_DEVICE_FAMILY = "1,2";
				TEST_HOST = "$(BUILT_PRODUCTS_DIR)/iTunesAPI.app/iTunesAPI";
			};
			name = Debug;
		};
		10F2AE1F206D16FD00D3D934 /* Release */ = {
			isa = XCBuildConfiguration;
			baseConfigurationReference = 8F2D716AC323B1BF7CCE4094 /* Pods-iTunesAPITests.release.xcconfig */;
			buildSettings = {
				ALWAYS_EMBED_SWIFT_STANDARD_LIBRARIES = YES;
				BUNDLE_LOADER = "$(TEST_HOST)";
				CLANG_ENABLE_MODULES = YES;
				CODE_SIGN_STYLE = Automatic;
				DEVELOPMENT_TEAM = XW8393LDR7;
				INFOPLIST_FILE = iTunesAPITests/Info.plist;
				LD_RUNPATH_SEARCH_PATHS = "$(inherited) @executable_path/Frameworks @loader_path/Frameworks";
				PRODUCT_BUNDLE_IDENTIFIER = eg.gom3a.iTunesAPITests;
				PRODUCT_NAME = "$(TARGET_NAME)";
				SWIFT_VERSION = 4.0;
				TARGETED_DEVICE_FAMILY = "1,2";
				TEST_HOST = "$(BUILT_PRODUCTS_DIR)/iTunesAPI.app/iTunesAPI";
			};
			name = Release;
		};
		10F2AE21206D16FD00D3D934 /* Debug */ = {
			isa = XCBuildConfiguration;
			baseConfigurationReference = 5695CBD7536AF247B0855EA7 /* Pods-iTunesAPIUITests.debug.xcconfig */;
			buildSettings = {
				ALWAYS_EMBED_SWIFT_STANDARD_LIBRARIES = YES;
				CLANG_ENABLE_MODULES = YES;
				CODE_SIGN_STYLE = Automatic;
				DEVELOPMENT_TEAM = XW8393LDR7;
				INFOPLIST_FILE = iTunesAPIUITests/Info.plist;
				LD_RUNPATH_SEARCH_PATHS = "$(inherited) @executable_path/Frameworks @loader_path/Frameworks";
				PRODUCT_BUNDLE_IDENTIFIER = eg.gom3a.iTunesAPIUITests;
				PRODUCT_NAME = "$(TARGET_NAME)";
				SWIFT_OPTIMIZATION_LEVEL = "-Onone";
				SWIFT_VERSION = 4.0;
				TARGETED_DEVICE_FAMILY = "1,2";
				TEST_TARGET_NAME = iTunesAPI;
			};
			name = Debug;
		};
		10F2AE22206D16FD00D3D934 /* Release */ = {
			isa = XCBuildConfiguration;
			baseConfigurationReference = 9D12330BBE0F81A645391721 /* Pods-iTunesAPIUITests.release.xcconfig */;
			buildSettings = {
				ALWAYS_EMBED_SWIFT_STANDARD_LIBRARIES = YES;
				CLANG_ENABLE_MODULES = YES;
				CODE_SIGN_STYLE = Automatic;
				DEVELOPMENT_TEAM = XW8393LDR7;
				INFOPLIST_FILE = iTunesAPIUITests/Info.plist;
				LD_RUNPATH_SEARCH_PATHS = "$(inherited) @executable_path/Frameworks @loader_path/Frameworks";
				PRODUCT_BUNDLE_IDENTIFIER = eg.gom3a.iTunesAPIUITests;
				PRODUCT_NAME = "$(TARGET_NAME)";
				SWIFT_VERSION = 4.0;
				TARGETED_DEVICE_FAMILY = "1,2";
				TEST_TARGET_NAME = iTunesAPI;
			};
			name = Release;
		};
/* End XCBuildConfiguration section */

/* Begin XCConfigurationList section */
		10F2ADED206D16FD00D3D934 /* Build configuration list for PBXProject "iTunesAPI" */ = {
			isa = XCConfigurationList;
			buildConfigurations = (
				10F2AE18206D16FD00D3D934 /* Debug */,
				10F2AE19206D16FD00D3D934 /* Release */,
			);
			defaultConfigurationIsVisible = 0;
			defaultConfigurationName = Release;
		};
		10F2AE1A206D16FD00D3D934 /* Build configuration list for PBXNativeTarget "iTunesAPI" */ = {
			isa = XCConfigurationList;
			buildConfigurations = (
				10F2AE1B206D16FD00D3D934 /* Debug */,
				10F2AE1C206D16FD00D3D934 /* Release */,
			);
			defaultConfigurationIsVisible = 0;
			defaultConfigurationName = Release;
		};
		10F2AE1D206D16FD00D3D934 /* Build configuration list for PBXNativeTarget "iTunesAPITests" */ = {
			isa = XCConfigurationList;
			buildConfigurations = (
				10F2AE1E206D16FD00D3D934 /* Debug */,
				10F2AE1F206D16FD00D3D934 /* Release */,
			);
			defaultConfigurationIsVisible = 0;
			defaultConfigurationName = Release;
		};
		10F2AE20206D16FD00D3D934 /* Build configuration list for PBXNativeTarget "iTunesAPIUITests" */ = {
			isa = XCConfigurationList;
			buildConfigurations = (
				10F2AE21206D16FD00D3D934 /* Debug */,
				10F2AE22206D16FD00D3D934 /* Release */,
			);
			defaultConfigurationIsVisible = 0;
			defaultConfigurationName = Release;
		};
/* End XCConfigurationList section */
	};
	rootObject = 10F2ADEA206D16FD00D3D934 /* Project object */;
}
